
Microsoft Visual Studio Solution File, Format Version 12.00
# Visual Studio Version 17
VisualStudioVersion = 17.8.34330.188
MinimumVisualStudioVersion = 10.0.40219.1
Project("{E24C65DC-7377-472B-9ABA-BC803B73C61A}") = "MyPortfolio", ".", "{293D4530-B576-4E39-B645-D5E50CA30BD4}"
	ProjectSection(WebsiteProperties) = preProject
		TargetFrameworkMoniker = ".NETFramework,Version%3Dv4.7.2"
		Debug.AspNetCompiler.VirtualPath = "/localhost_65052"
		Debug.AspNetCompiler.PhysicalPath = "..\MyPortfolio\"
		Debug.AspNetCompiler.TargetPath = "PrecompiledWeb\localhost_65052\"
		Debug.AspNetCompiler.Updateable = "true"
		Debug.AspNetCompiler.ForceOverwrite = "true"
		Debug.AspNetCompiler.FixedNames = "false"
		Debug.AspNetCompiler.Debug = "True"
		Release.AspNetCompiler.VirtualPath = "/localhost_65052"
		Release.AspNetCompiler.PhysicalPath = "..\MyPortfolio\"
		Release.AspNetCompiler.TargetPath = "PrecompiledWeb\localhost_65052\"
		Release.AspNetCompiler.Updateable = "true"
		Release.AspNetCompiler.ForceOverwrite = "true"
		Release.AspNetCompiler.FixedNames = "false"
		Release.AspNetCompiler.Debug = "False"
		VWDPort = "65052"
		SlnRelativePath = "..\MyPortfolio\"
		DefaultWebSiteLanguage = "Visual C#"
	EndProjectSection
EndProject
Global
	GlobalSection(SolutionConfigurationPlatforms) = preSolution
		Debug|Any CPU = Debug|Any CPU
	EndGlobalSection
	GlobalSection(ProjectConfigurationPlatforms) = postSolution
		{293D4530-B576-4E39-B645-D5E50CA30BD4}.Debug|Any CPU.ActiveCfg = Debug|Any CPU
		{293D4530-B576-4E39-B645-D5E50CA30BD4}.Debug|Any CPU.Build.0 = Debug|Any CPU
	EndGlobalSection
	GlobalSection(SolutionProperties) = preSolution
		HideSolutionNode = FALSE
	EndGlobalSection
	GlobalSection(ExtensibilityGlobals) = postSolution
		SolutionGuid = {3B4A3F4E-45C4-4535-9544-DC0D8E302113}
	EndGlobalSection
EndGlobal
